
Microsoft Visual Studio Solution File, Format Version 12.00
# Visual Studio Version 16
VisualStudioVersion = 16.0.28711.60
MinimumVisualStudioVersion = 15.0.26124.0
Project("{9A19103F-16F7-4668-BE54-9A1E7A4F7556}") = "BinarySplit.Tests", "BinarySplit.Tests\BinarySplit.Tests.csproj", "{0D96E583-0269-40CE-B098-39B615D626DE}"
EndProject
Global
	GlobalSection(SolutionConfigurationPlatforms) = preSolution
		Debug|Any CPU = Debug|Any CPU
		Debug|x64 = Debug|x64
		Debug|x86 = Debug|x86
		Release|Any CPU = Release|Any CPU
		Release|x64 = Release|x64
		Release|x86 = Release|x86
	EndGlobalSection
	GlobalSection(ProjectConfigurationPlatforms) = postSolution
		{0D96E583-0269-40CE-B098-39B615D626DE}.Debug|Any CPU.ActiveCfg = Debug|Any CPU
		{0D96E583-0269-40CE-B098-39B615D626DE}.Debug|Any CPU.Build.0 = Debug|Any CPU
		{0D96E583-0269-40CE-B098-39B615D626DE}.Debug|x64.ActiveCfg = Debug|Any CPU
		{0D96E583-0269-40CE-B098-39B615D626DE}.Debug|x64.Build.0 = Debug|Any CPU
		{0D96E583-0269-40CE-B098-39B615D626DE}.Debug|x86.ActiveCfg = Debug|Any CPU
		{0D96E583-0269-40CE-B098-39B615D626DE}.Debug|x86.Build.0 = Debug|Any CPU
		{0D96E583-0269-40CE-B098-39B615D626DE}.Release|Any CPU.ActiveCfg = Release|Any CPU
		{0D96E583-0269-40CE-B098-39B615D626DE}.Release|Any CPU.Build.0 = Release|Any CPU
		{0D96E583-0269-40CE-B098-39B615D626DE}.Release|x64.ActiveCfg = Release|Any CPU
		{0D96E583-0269-40CE-B098-39B615D626DE}.Release|x64.Build.0 = Release|Any CPU
		{0D96E583-0269-40CE-B098-39B615D626DE}.Release|x86.ActiveCfg = Release|Any CPU
		{0D96E583-0269-40CE-B098-39B615D626DE}.Release|x86.Build.0 = Release|Any CPU
	EndGlobalSection
	GlobalSection(SolutionProperties) = preSolution
		HideSolutionNode = FALSE
	EndGlobalSection
	GlobalSection(ExtensibilityGlobals) = postSolution
		SolutionGuid = {CA1CB398-A1B2-4A59-AEF0-9866C9E41F46}
	EndGlobalSection
EndGlobal
